[[package]]
name = "sample-lib"
version = "0.1.2"
description = ""
category = "main"
optional = false
python-versions = ">=3.8,<4.0"

[package.source]
type = "legacy"
url = "https://yanganzssa-087659795860.d.codeartifact.ap-southeast-2.amazonaws.com/pypi/yanganzssa/simple"
reference = "artifact"

[metadata]
lock-version = "1.1"
python-versions = "^3.8"
content-hash = "529cb00f5e2d2b1d98ad21a240f58930820f7146695a8b9f34159e1c617a6da5"

[metadata.files]
sample-lib = [
    {file = "sample-lib-0.1.2.tar.gz", hash = "sha256:7e9140493993b64dab8babea4d0104383315235b886b28d4992eeade02fbab1d"},
    {file = "sample_lib-0.1.2-py3-none-any.whl", hash = "sha256:f7aad9754b95c7b2c2f777b29f96a0aac189b8f40af18fe70aa2bb26ae4cb086"},
]
